
Microsoft Visual Studio Solution File, Format Version 12.00
# Visual Studio Version 17
VisualStudioVersion = 17.0.31903.59
MinimumVisualStudioVersion = 10.0.40219.1
Project("{2150E333-8FDC-42A3-9474-1A3956D46DE8}") = "src", "src", "{827E0CD3-B72D-47B6-A68D-7590B98EB39B}"
EndProject
Project("{FAE04EC0-301F-11D3-BF4B-00C04F79EFBC}") = "LondonStyle.API", "src\LondonStyle.API\LondonStyle.API.csproj", "{544F2213-2490-45CF-AEDF-927280AA9939}"
EndProject
Project("{FAE04EC0-301F-11D3-BF4B-00C04F79EFBC}") = "LondonStyle.Core", "src\LondonStyle.Core\LondonStyle.Core.csproj", "{4A53CF7A-08C4-4A4E-83E7-FB78C2512BF9}"
EndProject
Project("{FAE04EC0-301F-11D3-BF4B-00C04F79EFBC}") = "LondonStyle.Infrastructure", "src\LondonStyle.Infrastructure\LondonStyle.Infrastructure.csproj", "{EBF0F434-DDAD-4BF6-9B05-CDFD7D85A4A1}"
EndProject
Project("{2150E333-8FDC-42A3-9474-1A3956D46DE8}") = "tests", "tests", "{0AB3BF05-4346-4AA6-1389-037BE0695223}"
EndProject
Project("{FAE04EC0-301F-11D3-BF4B-00C04F79EFBC}") = "LondonStyle.Tests", "tests\LondonStyle.Tests\LondonStyle.Tests.csproj", "{EA6A37CD-6B01-4F3A-966E-DADA27192F70}"
EndProject
Global
	GlobalSection(SolutionConfigurationPlatforms) = preSolution
		Debug|Any CPU = Debug|Any CPU
		Debug|x64 = Debug|x64
		Debug|x86 = Debug|x86
		Release|Any CPU = Release|Any CPU
		Release|x64 = Release|x64
		Release|x86 = Release|x86
	EndGlobalSection
	GlobalSection(ProjectConfigurationPlatforms) = postSolution
		{544F2213-2490-45CF-AEDF-927280AA9939}.Debug|Any CPU.ActiveCfg = Debug|Any CPU
		{544F2213-2490-45CF-AEDF-927280AA9939}.Debug|Any CPU.Build.0 = Debug|Any CPU
		{544F2213-2490-45CF-AEDF-927280AA9939}.Debug|x64.ActiveCfg = Debug|Any CPU
		{544F2213-2490-45CF-AEDF-927280AA9939}.Debug|x64.Build.0 = Debug|Any CPU
		{544F2213-2490-45CF-AEDF-927280AA9939}.Debug|x86.ActiveCfg = Debug|Any CPU
		{544F2213-2490-45CF-AEDF-927280AA9939}.Debug|x86.Build.0 = Debug|Any CPU
		{544F2213-2490-45CF-AEDF-927280AA9939}.Release|Any CPU.ActiveCfg = Release|Any CPU
		{544F2213-2490-45CF-AEDF-927280AA9939}.Release|Any CPU.Build.0 = Release|Any CPU
		{544F2213-2490-45CF-AEDF-927280AA9939}.Release|x64.ActiveCfg = Release|Any CPU
		{544F2213-2490-45CF-AEDF-927280AA9939}.Release|x64.Build.0 = Release|Any CPU
		{544F2213-2490-45CF-AEDF-927280AA9939}.Release|x86.ActiveCfg = Release|Any CPU
		{544F2213-2490-45CF-AEDF-927280AA9939}.Release|x86.Build.0 = Release|Any CPU
		{4A53CF7A-08C4-4A4E-83E7-FB78C2512BF9}.Debug|Any CPU.ActiveCfg = Debug|Any CPU
		{4A53CF7A-08C4-4A4E-83E7-FB78C2512BF9}.Debug|Any CPU.Build.0 = Debug|Any CPU
		{4A53CF7A-08C4-4A4E-83E7-FB78C2512BF9}.Debug|x64.ActiveCfg = Debug|Any CPU
		{4A53CF7A-08C4-4A4E-83E7-FB78C2512BF9}.Debug|x64.Build.0 = Debug|Any CPU
		{4A53CF7A-08C4-4A4E-83E7-FB78C2512BF9}.Debug|x86.ActiveCfg = Debug|Any CPU
		{4A53CF7A-08C4-4A4E-83E7-FB78C2512BF9}.Debug|x86.Build.0 = Debug|Any CPU
		{4A53CF7A-08C4-4A4E-83E7-FB78C2512BF9}.Release|Any CPU.ActiveCfg = Release|Any CPU
		{4A53CF7A-08C4-4A4E-83E7-FB78C2512BF9}.Release|Any CPU.Build.0 = Release|Any CPU
		{4A53CF7A-08C4-4A4E-83E7-FB78C2512BF9}.Release|x64.ActiveCfg = Release|Any CPU
		{4A53CF7A-08C4-4A4E-83E7-FB78C2512BF9}.Release|x64.Build.0 = Release|Any CPU
		{4A53CF7A-08C4-4A4E-83E7-FB78C2512BF9}.Release|x86.ActiveCfg = Release|Any CPU
		{4A53CF7A-08C4-4A4E-83E7-FB78C2512BF9}.Release|x86.Build.0 = Release|Any CPU
		{EBF0F434-DDAD-4BF6-9B05-CDFD7D85A4A1}.Debug|Any CPU.ActiveCfg = Debug|Any CPU
		{EBF0F434-DDAD-4BF6-9B05-CDFD7D85A4A1}.Debug|Any CPU.Build.0 = Debug|Any CPU
		{EBF0F434-DDAD-4BF6-9B05-CDFD7D85A4A1}.Debug|x64.ActiveCfg = Debug|Any CPU
		{EBF0F434-DDAD-4BF6-9B05-CDFD7D85A4A1}.Debug|x64.Build.0 = Debug|Any CPU
		{EBF0F434-DDAD-4BF6-9B05-CDFD7D85A4A1}.Debug|x86.ActiveCfg = Debug|Any CPU
		{EBF0F434-DDAD-4BF6-9B05-CDFD7D85A4A1}.Debug|x86.Build.0 = Debug|Any CPU
		{EBF0F434-DDAD-4BF6-9B05-CDFD7D85A4A1}.Release|Any CPU.ActiveCfg = Release|Any CPU
		{EBF0F434-DDAD-4BF6-9B05-CDFD7D85A4A1}.Release|Any CPU.Build.0 = Release|Any CPU
		{EBF0F434-DDAD-4BF6-9B05-CDFD7D85A4A1}.Release|x64.ActiveCfg = Release|Any CPU
		{EBF0F434-DDAD-4BF6-9B05-CDFD7D85A4A1}.Release|x64.Build.0 = Release|Any CPU
		{EBF0F434-DDAD-4BF6-9B05-CDFD7D85A4A1}.Release|x86.ActiveCfg = Release|Any CPU
		{EBF0F434-DDAD-4BF6-9B05-CDFD7D85A4A1}.Release|x86.Build.0 = Release|Any CPU
		{EA6A37CD-6B01-4F3A-966E-DADA27192F70}.Debug|Any CPU.ActiveCfg = Debug|Any CPU
		{EA6A37CD-6B01-4F3A-966E-DADA27192F70}.Debug|Any CPU.Build.0 = Debug|Any CPU
		{EA6A37CD-6B01-4F3A-966E-DADA27192F70}.Debug|x64.ActiveCfg = Debug|Any CPU
		{EA6A37CD-6B01-4F3A-966E-DADA27192F70}.Debug|x64.Build.0 = Debug|Any CPU
		{EA6A37CD-6B01-4F3A-966E-DADA27192F70}.Debug|x86.ActiveCfg = Debug|Any CPU
		{EA6A37CD-6B01-4F3A-966E-DADA27192F70}.Debug|x86.Build.0 = Debug|Any CPU
		{EA6A37CD-6B01-4F3A-966E-DADA27192F70}.Release|Any CPU.ActiveCfg = Release|Any CPU
		{EA6A37CD-6B01-4F3A-966E-DADA27192F70}.Release|Any CPU.Build.0 = Release|Any CPU
		{EA6A37CD-6B01-4F3A-966E-DADA27192F70}.Release|x64.ActiveCfg = Release|Any CPU
		{EA6A37CD-6B01-4F3A-966E-DADA27192F70}.Release|x64.Build.0 = Release|Any CPU
		{EA6A37CD-6B01-4F3A-966E-DADA27192F70}.Release|x86.ActiveCfg = Release|Any CPU
		{EA6A37CD-6B01-4F3A-966E-DADA27192F70}.Release|x86.Build.0 = Release|Any CPU
	EndGlobalSection
	GlobalSection(SolutionProperties) = preSolution
		HideSolutionNode = FALSE
	EndGlobalSection
	GlobalSection(NestedProjects) = preSolution
		{544F2213-2490-45CF-AEDF-927280AA9939} = {827E0CD3-B72D-47B6-A68D-7590B98EB39B}
		{4A53CF7A-08C4-4A4E-83E7-FB78C2512BF9} = {827E0CD3-B72D-47B6-A68D-7590B98EB39B}
		{EBF0F434-DDAD-4BF6-9B05-CDFD7D85A4A1} = {827E0CD3-B72D-47B6-A68D-7590B98EB39B}
		{EA6A37CD-6B01-4F3A-966E-DADA27192F70} = {0AB3BF05-4346-4AA6-1389-037BE0695223}
	EndGlobalSection
EndGlobal
